
Microsoft Visual Studio Solution File, Format Version 12.00
# Visual Studio Version 17
VisualStudioVersion = 17.0.32126.317
MinimumVisualStudioVersion = 10.0.40219.1
Project("{FAE04EC0-301F-11D3-BF4B-00C04F79EFBC}") = "Skills_International", "Skills_International.csproj", "{4BFC2A5B-C7C2-4029-95DC-DB06CDF97F7C}"
EndProject
Global
	GlobalSection(SolutionConfigurationPlatforms) = preSolution
		Debug|Any CPU = Debug|Any CPU
		Release|Any CPU = Release|Any CPU
	EndGlobalSection
	GlobalSection(ProjectConfigurationPlatforms) = postSolution
		{4BFC2A5B-C7C2-4029-95DC-DB06CDF97F7C}.Debug|Any CPU.ActiveCfg = Debug|Any CPU
		{4BFC2A5B-C7C2-4029-95DC-DB06CDF97F7C}.Debug|Any CPU.Build.0 = Debug|Any CPU
		{4BFC2A5B-C7C2-4029-95DC-DB06CDF97F7C}.Release|Any CPU.ActiveCfg = Release|Any CPU
		{4BFC2A5B-C7C2-4029-95DC-DB06CDF97F7C}.Release|Any CPU.Build.0 = Release|Any CPU
	EndGlobalSection
	GlobalSection(SolutionProperties) = preSolution
		HideSolutionNode = FALSE
	EndGlobalSection
	GlobalSection(ExtensibilityGlobals) = postSolution
		SolutionGuid = {89A396FF-60B7-4F79-9555-4FA00E50B49A}
	EndGlobalSection
EndGlobal
